Microsoft Visual Studio Solution File, Format Version 12.00
# Visual Studio Version 17
VisualStudioVersion = 17.6.33513.286
MinimumVisualStudioVersion = 10.0.40219.1
Project("{2150E333-8FDC-42A3-9474-1A3956D46DE8}") = "Solution items", "Solution items", "{BEDAE117-15E3-40C7-987B-51D518EC1F73}"
	ProjectSection(SolutionItems) = preProject
		.gitignore = .gitignore
		Directory.Build.props = Directory.Build.props
		Directory.Build.targets = Directory.Build.targets
		Directory.Packages.props = Directory.Packages.props
		nuget.config = nuget.config
	EndProjectSection
EndProject
Project("{2150E333-8FDC-42A3-9474-1A3956D46DE8}") = "Web", "Web", "{60405477-AE33-4660-9818-7922AC4D1066}"
EndProject
Project("{2150E333-8FDC-42A3-9474-1A3956D46DE8}") = "Core", "Core", "{ACD2D487-4034-4BDF-8109-6F497FC104E7}"
EndProject
Project("{9A19103F-16F7-4668-BE54-9A1E7A4F7556}") = "Brupper.Core", "Core\Brupper.Core.csproj", "{6A9B6FC4-96BB-4811-B427-B4815765238B}"
EndProject
Project("{2150E333-8FDC-42A3-9474-1A3956D46DE8}") = "Data", "Data", "{F103161E-33A2-437B-9269-6DF70A5D0277}"
EndProject
Project("{9A19103F-16F7-4668-BE54-9A1E7A4F7556}") = "Brupper.Data", "Data\Brupper.Data.csproj", "{51E7F86E-26AE-4AD7-92A3-1BA9889DA4DD}"
EndProject
Project("{9A19103F-16F7-4668-BE54-9A1E7A4F7556}") = "Brupper.Data.Azure", "Data.Azure\Brupper.Data.Azure.csproj", "{19E8E15C-415B-416A-A54F-59ACFE2947D1}"
EndProject
Project("{9A19103F-16F7-4668-BE54-9A1E7A4F7556}") = "Brupper.Data.Sqlite", "Data.Sqlite\Brupper.Data.Sqlite.csproj", "{04ED609C-5CA3-44C7-85F0-75639C23BC30}"
EndProject
Project("{9A19103F-16F7-4668-BE54-9A1E7A4F7556}") = "Brupper.Data.EF", "Data.EF\Brupper.Data.EF.csproj", "{550B67EC-17F3-4484-8564-40F39E21EF8C}"
EndProject
Project("{2150E333-8FDC-42A3-9474-1A3956D46DE8}") = "Maui", "Maui", "{2A0F32AF-2B87-41BE-8D77-68AE7BA002AF}"
EndProject
Project("{9A19103F-16F7-4668-BE54-9A1E7A4F7556}") = "Brupper.AspNetCore", "AspNetCore\Brupper.AspNetCore.csproj", "{154E43E5-6806-4773-B8B7-5E9C38FFC8F0}"
EndProject
Project("{9A19103F-16F7-4668-BE54-9A1E7A4F7556}") = "Brupper.Identity.B2C", "Identity.B2C\Brupper.Identity.B2C.csproj", "{D3E40911-6BEE-4E0B-A2ED-DF118C3F5943}"
EndProject
Project("{9A19103F-16F7-4668-BE54-9A1E7A4F7556}") = "Brupper.Maui", "Maui\Brupper.Maui.csproj", "{92780232-598F-47E9-9783-D05C6F1B5F57}"
EndProject
Project("{9A19103F-16F7-4668-BE54-9A1E7A4F7556}") = "Brupper.Maui.Push", "Maui.Push\Brupper.Maui.Push.csproj", "{FBFB38AE-A5D9-4899-ADA9-1E634C7BF29B}"
EndProject
Project("{9A19103F-16F7-4668-BE54-9A1E7A4F7556}") = "Brupper.AspNetCore.Identity.B2C", "AspNetCore.Identity.B2C\Brupper.AspNetCore.Identity.B2C.csproj", "{31D247A5-2D7B-40D8-B9CD-BA469515B909}"
EndProject
Project("{FAE04EC0-301F-11D3-BF4B-00C04F79EFBC}") = "Brupper.Jobs", "Jobs\Brupper.Jobs.csproj", "{8AF9822E-6097-49A4-8DDA-31FDBE848138}"
EndProject
Project("{FAE04EC0-301F-11D3-BF4B-00C04F79EFBC}") = "Brupper.Jobs.FileTransfer", "Jobs.FileTransfer\Brupper.Jobs.FileTransfer.csproj", "{3E58DC98-84B2-4263-8F9A-CFB6D02226B6}"
EndProject
Project("{FAE04EC0-301F-11D3-BF4B-00C04F79EFBC}") = "Brupper.AspNetCore.Identity", "AspNetCore.Identity\Brupper.AspNetCore.Identity.csproj", "{FD568886-A6B4-4275-BADE-2A2610A13FEE}"
EndProject
Project("{FAE04EC0-301F-11D3-BF4B-00C04F79EFBC}") = "Brupper.AspNetCore.Breadcrumbs", "AspNetCore.SmartBreadcrumbs\src\Brupper.AspNetCore.Breadcrumbs.csproj", "{D1B11A8B-108D-52DE-548D-3B28F79374EC}"
EndProject
Project("{FAE04EC0-301F-11D3-BF4B-00C04F79EFBC}") = "Brupper.TestFramework", "TestFramework\Brupper.TestFramework.csproj", "{9A453749-748C-487C-91D0-547DC33ACE88}"
EndProject
Project("{2150E333-8FDC-42A3-9474-1A3956D46DE8}") = "CodeGenerators", "CodeGenerators", "{D6A70022-B71E-49BA-B4EA-63BBCF73806D}"
EndProject
Project("{FAE04EC0-301F-11D3-BF4B-00C04F79EFBC}") = "Brupper.CodeGenerators.OData", "CodeGenerators\CodeGenerators.OData\Brupper.CodeGenerators.OData.csproj", "{89677F98-C021-41D2-B8A2-29BEA00B16EA}"
EndProject
Project("{FAE04EC0-301F-11D3-BF4B-00C04F79EFBC}") = "Brupper.CodeGenerators.OData.Attributes", "CodeGenerators\CodeGenerators.OData.Attributes\Brupper.CodeGenerators.OData.Attributes.csproj", "{CCA6DBF2-D3A1-4A54-88C2-CDCA1D790245}"
EndProject
Global
	GlobalSection(SolutionConfigurationPlatforms) = preSolution
		Debug|Any CPU = Debug|Any CPU
		Release|Any CPU = Release|Any CPU
	EndGlobalSection
	GlobalSection(ProjectConfigurationPlatforms) = postSolution
		{6A9B6FC4-96BB-4811-B427-B4815765238B}.Debug|Any CPU.ActiveCfg = Debug|Any CPU
		{6A9B6FC4-96BB-4811-B427-B4815765238B}.Debug|Any CPU.Build.0 = Debug|Any CPU
		{6A9B6FC4-96BB-4811-B427-B4815765238B}.Release|Any CPU.ActiveCfg = Release|Any CPU
		{6A9B6FC4-96BB-4811-B427-B4815765238B}.Release|Any CPU.Build.0 = Release|Any CPU
		{51E7F86E-26AE-4AD7-92A3-1BA9889DA4DD}.Debug|Any CPU.ActiveCfg = Debug|Any CPU
		{51E7F86E-26AE-4AD7-92A3-1BA9889DA4DD}.Debug|Any CPU.Build.0 = Debug|Any CPU
		{51E7F86E-26AE-4AD7-92A3-1BA9889DA4DD}.Release|Any CPU.ActiveCfg = Release|Any CPU
		{51E7F86E-26AE-4AD7-92A3-1BA9889DA4DD}.Release|Any CPU.Build.0 = Release|Any CPU
		{19E8E15C-415B-416A-A54F-59ACFE2947D1}.Debug|Any CPU.ActiveCfg = Debug|Any CPU
		{19E8E15C-415B-416A-A54F-59ACFE2947D1}.Debug|Any CPU.Build.0 = Debug|Any CPU
		{19E8E15C-415B-416A-A54F-59ACFE2947D1}.Release|Any CPU.ActiveCfg = Release|Any CPU
		{19E8E15C-415B-416A-A54F-59ACFE2947D1}.Release|Any CPU.Build.0 = Release|Any CPU
		{04ED609C-5CA3-44C7-85F0-75639C23BC30}.Debug|Any CPU.ActiveCfg = Debug|Any CPU
		{04ED609C-5CA3-44C7-85F0-75639C23BC30}.Debug|Any CPU.Build.0 = Debug|Any CPU
		{04ED609C-5CA3-44C7-85F0-75639C23BC30}.Release|Any CPU.ActiveCfg = Release|Any CPU
		{04ED609C-5CA3-44C7-85F0-75639C23BC30}.Release|Any CPU.Build.0 = Release|Any CPU
		{550B67EC-17F3-4484-8564-40F39E21EF8C}.Debug|Any CPU.ActiveCfg = Debug|Any CPU
		{550B67EC-17F3-4484-8564-40F39E21EF8C}.Debug|Any CPU.Build.0 = Debug|Any CPU
		{550B67EC-17F3-4484-8564-40F39E21EF8C}.Release|Any CPU.ActiveCfg = Release|Any CPU
		{550B67EC-17F3-4484-8564-40F39E21EF8C}.Release|Any CPU.Build.0 = Release|Any CPU
		{154E43E5-6806-4773-B8B7-5E9C38FFC8F0}.Debug|Any CPU.ActiveCfg = Debug|Any CPU
		{154E43E5-6806-4773-B8B7-5E9C38FFC8F0}.Debug|Any CPU.Build.0 = Debug|Any CPU
		{154E43E5-6806-4773-B8B7-5E9C38FFC8F0}.Release|Any CPU.ActiveCfg = Release|Any CPU
		{154E43E5-6806-4773-B8B7-5E9C38FFC8F0}.Release|Any CPU.Build.0 = Release|Any CPU
		{D3E40911-6BEE-4E0B-A2ED-DF118C3F5943}.Debug|Any CPU.ActiveCfg = Debug|Any CPU
		{D3E40911-6BEE-4E0B-A2ED-DF118C3F5943}.Debug|Any CPU.Build.0 = Debug|Any CPU
		{D3E40911-6BEE-4E0B-A2ED-DF118C3F5943}.Release|Any CPU.ActiveCfg = Release|Any CPU
		{D3E40911-6BEE-4E0B-A2ED-DF118C3F5943}.Release|Any CPU.Build.0 = Release|Any CPU
		{92780232-598F-47E9-9783-D05C6F1B5F57}.Debug|Any CPU.ActiveCfg = Debug|Any CPU
		{92780232-598F-47E9-9783-D05C6F1B5F57}.Debug|Any CPU.Build.0 = Debug|Any CPU
		{92780232-598F-47E9-9783-D05C6F1B5F57}.Release|Any CPU.ActiveCfg = Release|Any CPU
		{92780232-598F-47E9-9783-D05C6F1B5F57}.Release|Any CPU.Build.0 = Release|Any CPU
		{FBFB38AE-A5D9-4899-ADA9-1E634C7BF29B}.Debug|Any CPU.ActiveCfg = Debug|Any CPU
		{FBFB38AE-A5D9-4899-ADA9-1E634C7BF29B}.Debug|Any CPU.Build.0 = Debug|Any CPU
		{FBFB38AE-A5D9-4899-ADA9-1E634C7BF29B}.Release|Any CPU.ActiveCfg = Release|Any CPU
		{FBFB38AE-A5D9-4899-ADA9-1E634C7BF29B}.Release|Any CPU.Build.0 = Release|Any CPU
		{31D247A5-2D7B-40D8-B9CD-BA469515B909}.Debug|Any CPU.ActiveCfg = Debug|Any CPU
		{31D247A5-2D7B-40D8-B9CD-BA469515B909}.Debug|Any CPU.Build.0 = Debug|Any CPU
		{31D247A5-2D7B-40D8-B9CD-BA469515B909}.Release|Any CPU.ActiveCfg = Release|Any CPU
		{31D247A5-2D7B-40D8-B9CD-BA469515B909}.Release|Any CPU.Build.0 = Release|Any CPU
		{8AF9822E-6097-49A4-8DDA-31FDBE848138}.Debug|Any CPU.ActiveCfg = Debug|Any CPU
		{8AF9822E-6097-49A4-8DDA-31FDBE848138}.Debug|Any CPU.Build.0 = Debug|Any CPU
		{8AF9822E-6097-49A4-8DDA-31FDBE848138}.Release|Any CPU.ActiveCfg = Release|Any CPU
		{8AF9822E-6097-49A4-8DDA-31FDBE848138}.Release|Any CPU.Build.0 = Release|Any CPU
		{3E58DC98-84B2-4263-8F9A-CFB6D02226B6}.Debug|Any CPU.ActiveCfg = Debug|Any CPU
		{3E58DC98-84B2-4263-8F9A-CFB6D02226B6}.Debug|Any CPU.Build.0 = Debug|Any CPU
		{3E58DC98-84B2-4263-8F9A-CFB6D02226B6}.Release|Any CPU.ActiveCfg = Release|Any CPU
		{3E58DC98-84B2-4263-8F9A-CFB6D02226B6}.Release|Any CPU.Build.0 = Release|Any CPU
		{FD568886-A6B4-4275-BADE-2A2610A13FEE}.Debug|Any CPU.ActiveCfg = Debug|Any CPU
		{FD568886-A6B4-4275-BADE-2A2610A13FEE}.Debug|Any CPU.Build.0 = Debug|Any CPU
		{FD568886-A6B4-4275-BADE-2A2610A13FEE}.Release|Any CPU.ActiveCfg = Release|Any CPU
		{FD568886-A6B4-4275-BADE-2A2610A13FEE}.Release|Any CPU.Build.0 = Release|Any CPU
		{D1B11A8B-108D-52DE-548D-3B28F79374EC}.Debug|Any CPU.ActiveCfg = Debug|Any CPU
		{D1B11A8B-108D-52DE-548D-3B28F79374EC}.Debug|Any CPU.Build.0 = Debug|Any CPU
		{D1B11A8B-108D-52DE-548D-3B28F79374EC}.Release|Any CPU.ActiveCfg = Release|Any CPU
		{D1B11A8B-108D-52DE-548D-3B28F79374EC}.Release|Any CPU.Build.0 = Release|Any CPU
		{9A453749-748C-487C-91D0-547DC33ACE88}.Debug|Any CPU.ActiveCfg = Debug|Any CPU
		{9A453749-748C-487C-91D0-547DC33ACE88}.Debug|Any CPU.Build.0 = Debug|Any CPU
		{9A453749-748C-487C-91D0-547DC33ACE88}.Release|Any CPU.ActiveCfg = Release|Any CPU
		{9A453749-748C-487C-91D0-547DC33ACE88}.Release|Any CPU.Build.0 = Release|Any CPU
		{89677F98-C021-41D2-B8A2-29BEA00B16EA}.Debug|Any CPU.ActiveCfg = Debug|Any CPU
		{89677F98-C021-41D2-B8A2-29BEA00B16EA}.Debug|Any CPU.Build.0 = Debug|Any CPU
		{89677F98-C021-41D2-B8A2-29BEA00B16EA}.Release|Any CPU.ActiveCfg = Release|Any CPU
		{89677F98-C021-41D2-B8A2-29BEA00B16EA}.Release|Any CPU.Build.0 = Release|Any CPU
		{CCA6DBF2-D3A1-4A54-88C2-CDCA1D790245}.Debug|Any CPU.ActiveCfg = Debug|Any CPU
		{CCA6DBF2-D3A1-4A54-88C2-CDCA1D790245}.Debug|Any CPU.Build.0 = Debug|Any CPU
		{CCA6DBF2-D3A1-4A54-88C2-CDCA1D790245}.Release|Any CPU.ActiveCfg = Release|Any CPU
		{CCA6DBF2-D3A1-4A54-88C2-CDCA1D790245}.Release|Any CPU.Build.0 = Release|Any CPU
	EndGlobalSection
	GlobalSection(SolutionProperties) = preSolution
		HideSolutionNode = FALSE
	EndGlobalSection
	GlobalSection(NestedProjects) = preSolution
		{6A9B6FC4-96BB-4811-B427-B4815765238B} = {ACD2D487-4034-4BDF-8109-6F497FC104E7}
		{51E7F86E-26AE-4AD7-92A3-1BA9889DA4DD} = {F103161E-33A2-437B-9269-6DF70A5D0277}
		{19E8E15C-415B-416A-A54F-59ACFE2947D1} = {F103161E-33A2-437B-9269-6DF70A5D0277}
		{04ED609C-5CA3-44C7-85F0-75639C23BC30} = {F103161E-33A2-437B-9269-6DF70A5D0277}
		{550B67EC-17F3-4484-8564-40F39E21EF8C} = {F103161E-33A2-437B-9269-6DF70A5D0277}
		{154E43E5-6806-4773-B8B7-5E9C38FFC8F0} = {60405477-AE33-4660-9818-7922AC4D1066}
		{D3E40911-6BEE-4E0B-A2ED-DF118C3F5943} = {2A0F32AF-2B87-41BE-8D77-68AE7BA002AF}
		{92780232-598F-47E9-9783-D05C6F1B5F57} = {2A0F32AF-2B87-41BE-8D77-68AE7BA002AF}
		{FBFB38AE-A5D9-4899-ADA9-1E634C7BF29B} = {2A0F32AF-2B87-41BE-8D77-68AE7BA002AF}
		{31D247A5-2D7B-40D8-B9CD-BA469515B909} = {60405477-AE33-4660-9818-7922AC4D1066}
		{8AF9822E-6097-49A4-8DDA-31FDBE848138} = {ACD2D487-4034-4BDF-8109-6F497FC104E7}
		{3E58DC98-84B2-4263-8F9A-CFB6D02226B6} = {ACD2D487-4034-4BDF-8109-6F497FC104E7}
		{FD568886-A6B4-4275-BADE-2A2610A13FEE} = {60405477-AE33-4660-9818-7922AC4D1066}
		{D1B11A8B-108D-52DE-548D-3B28F79374EC} = {60405477-AE33-4660-9818-7922AC4D1066}
		{9A453749-748C-487C-91D0-547DC33ACE88} = {ACD2D487-4034-4BDF-8109-6F497FC104E7}
		{89677F98-C021-41D2-B8A2-29BEA00B16EA} = {D6A70022-B71E-49BA-B4EA-63BBCF73806D}
		{CCA6DBF2-D3A1-4A54-88C2-CDCA1D790245} = {D6A70022-B71E-49BA-B4EA-63BBCF73806D}
	EndGlobalSection
	GlobalSection(ExtensibilityGlobals) = postSolution
		SolutionGuid = {EEF8BC6B-B3F8-4900-B9AC-4794612FD4CD}
	EndGlobalSection
EndGlobal
