
Microsoft Visual Studio Solution File, Format Version 12.00
# Visual Studio Version 17
VisualStudioVersion = 17.7.34003.232
MinimumVisualStudioVersion = 10.0.40219.1
Project("{9A19103F-16F7-4668-BE54-9A1E7A4F7556}") = "Brupper.Core", "Core\Brupper.Core.csproj", "{6C8B48D2-9FB7-45DF-8B29-7E6BE3C13B51}"
EndProject
Project("{9A19103F-16F7-4668-BE54-9A1E7A4F7556}") = "Brupper.Data.Azure", "Data.Azure\Brupper.Data.Azure.csproj", "{48313019-67E7-4958-B07B-CFDB9639C963}"
EndProject
Project("{9A19103F-16F7-4668-BE54-9A1E7A4F7556}") = "Brupper.Data.Sqlite", "Data.Sqlite\Brupper.Data.Sqlite.csproj", "{B5563BBA-5DD3-4B52-9BF1-2B8A939FC847}"
EndProject
Project("{9A19103F-16F7-4668-BE54-9A1E7A4F7556}") = "Brupper.Forms", "Forms\Brupper.Forms.csproj", "{B893248D-FDA1-4013-A824-018FFDA1787A}"
EndProject
Project("{9A19103F-16F7-4668-BE54-9A1E7A4F7556}") = "Brupper.Identity.B2C", "Identity.B2C\Brupper.Identity.B2C.csproj", "{F4EB34EA-4EC6-4D70-9690-B0FDDBF68E6B}"
EndProject
Project("{2150E333-8FDC-42A3-9474-1A3956D46DE8}") = "Solution items", "Solution items", "{BEDAE117-15E3-40C7-987B-51D518EC1F73}"
	ProjectSection(SolutionItems) = preProject
		.gitignore = .gitignore
		Directory.Build.props = Directory.Build.props
		Directory.Build.targets = Directory.Build.targets
		Directory.Packages.props = Directory.Packages.props
		nuget.config = nuget.config
		XamarinBuild.targets = XamarinBuild.targets
		XamarinForms.targets = XamarinForms.targets
		XamarinFormsWpf.targets = XamarinFormsWpf.targets
	EndProjectSection
EndProject
Project("{9A19103F-16F7-4668-BE54-9A1E7A4F7556}") = "Brupper.Forms.FontAwesome", "Forms.FontAwesome\Brupper.Forms.FontAwesome.csproj", "{A7045824-0717-44A1-B3A2-6F6D98E7C83D}"
EndProject
Project("{9A19103F-16F7-4668-BE54-9A1E7A4F7556}") = "Brupper.Push", "Push\Brupper.Push.csproj", "{D6DE7051-220F-40C9-A0CD-70E5F5069EFC}"
EndProject
Project("{9A19103F-16F7-4668-BE54-9A1E7A4F7556}") = "Brupper.Data", "Data\Brupper.Data.csproj", "{98ED2481-F889-4432-8E50-0AE03A2BD321}"
EndProject
Project("{2150E333-8FDC-42A3-9474-1A3956D46DE8}") = "Data", "Data", "{B27F4C7E-95E3-4329-B4BB-DB1C4D9382F2}"
EndProject
Project("{2150E333-8FDC-42A3-9474-1A3956D46DE8}") = "Forms", "Forms", "{F4B80768-9B8F-4AD2-BC2C-C00A274E9950}"
EndProject
Project("{2150E333-8FDC-42A3-9474-1A3956D46DE8}") = "Core", "Core", "{D1EA169E-4143-46AA-BC99-B8A882DC3AD6}"
EndProject
Project("{9A19103F-16F7-4668-BE54-9A1E7A4F7556}") = "Brupper.Data.EF", "Data.EF\Brupper.Data.EF.csproj", "{CFD38AE1-E5E8-4572-9DAA-F986BD493A0E}"
EndProject
Project("{2150E333-8FDC-42A3-9474-1A3956D46DE8}") = "Web", "Web", "{60405477-AE33-4660-9818-7922AC4D1066}"
EndProject
Project("{9A19103F-16F7-4668-BE54-9A1E7A4F7556}") = "Brupper.Identity.B2C.Admin", "Identity.B2C.Admin\Brupper.Identity.B2C.Admin.csproj", "{155AB9EA-FA4A-499B-8053-B63F27F651E2}"
EndProject
Project("{9A19103F-16F7-4668-BE54-9A1E7A4F7556}") = "Brupper.AspNetCore", "AspNetCore\Brupper.AspNetCore.csproj", "{978FEAE0-D340-435B-BF93-C9ADF425AFD7}"
EndProject
Global
	GlobalSection(SolutionConfigurationPlatforms) = preSolution
		Debug|Any CPU = Debug|Any CPU
		Release|Any CPU = Release|Any CPU
	EndGlobalSection
	GlobalSection(ProjectConfigurationPlatforms) = postSolution
		{6C8B48D2-9FB7-45DF-8B29-7E6BE3C13B51}.Debug|Any CPU.ActiveCfg = Debug|Any CPU
		{6C8B48D2-9FB7-45DF-8B29-7E6BE3C13B51}.Debug|Any CPU.Build.0 = Debug|Any CPU
		{6C8B48D2-9FB7-45DF-8B29-7E6BE3C13B51}.Release|Any CPU.ActiveCfg = Release|Any CPU
		{6C8B48D2-9FB7-45DF-8B29-7E6BE3C13B51}.Release|Any CPU.Build.0 = Release|Any CPU
		{48313019-67E7-4958-B07B-CFDB9639C963}.Debug|Any CPU.ActiveCfg = Debug|Any CPU
		{48313019-67E7-4958-B07B-CFDB9639C963}.Debug|Any CPU.Build.0 = Debug|Any CPU
		{48313019-67E7-4958-B07B-CFDB9639C963}.Release|Any CPU.ActiveCfg = Release|Any CPU
		{48313019-67E7-4958-B07B-CFDB9639C963}.Release|Any CPU.Build.0 = Release|Any CPU
		{B5563BBA-5DD3-4B52-9BF1-2B8A939FC847}.Debug|Any CPU.ActiveCfg = Debug|Any CPU
		{B5563BBA-5DD3-4B52-9BF1-2B8A939FC847}.Debug|Any CPU.Build.0 = Debug|Any CPU
		{B5563BBA-5DD3-4B52-9BF1-2B8A939FC847}.Release|Any CPU.ActiveCfg = Release|Any CPU
		{B5563BBA-5DD3-4B52-9BF1-2B8A939FC847}.Release|Any CPU.Build.0 = Release|Any CPU
		{B893248D-FDA1-4013-A824-018FFDA1787A}.Debug|Any CPU.ActiveCfg = Debug|Any CPU
		{B893248D-FDA1-4013-A824-018FFDA1787A}.Debug|Any CPU.Build.0 = Debug|Any CPU
		{B893248D-FDA1-4013-A824-018FFDA1787A}.Release|Any CPU.ActiveCfg = Release|Any CPU
		{B893248D-FDA1-4013-A824-018FFDA1787A}.Release|Any CPU.Build.0 = Release|Any CPU
		{F4EB34EA-4EC6-4D70-9690-B0FDDBF68E6B}.Debug|Any CPU.ActiveCfg = Debug|Any CPU
		{F4EB34EA-4EC6-4D70-9690-B0FDDBF68E6B}.Debug|Any CPU.Build.0 = Debug|Any CPU
		{F4EB34EA-4EC6-4D70-9690-B0FDDBF68E6B}.Release|Any CPU.ActiveCfg = Release|Any CPU
		{F4EB34EA-4EC6-4D70-9690-B0FDDBF68E6B}.Release|Any CPU.Build.0 = Release|Any CPU
		{A7045824-0717-44A1-B3A2-6F6D98E7C83D}.Debug|Any CPU.ActiveCfg = Debug|Any CPU
		{A7045824-0717-44A1-B3A2-6F6D98E7C83D}.Debug|Any CPU.Build.0 = Debug|Any CPU
		{A7045824-0717-44A1-B3A2-6F6D98E7C83D}.Release|Any CPU.ActiveCfg = Release|Any CPU
		{A7045824-0717-44A1-B3A2-6F6D98E7C83D}.Release|Any CPU.Build.0 = Release|Any CPU
		{D6DE7051-220F-40C9-A0CD-70E5F5069EFC}.Debug|Any CPU.ActiveCfg = Debug|Any CPU
		{D6DE7051-220F-40C9-A0CD-70E5F5069EFC}.Debug|Any CPU.Build.0 = Debug|Any CPU
		{D6DE7051-220F-40C9-A0CD-70E5F5069EFC}.Release|Any CPU.ActiveCfg = Release|Any CPU
		{D6DE7051-220F-40C9-A0CD-70E5F5069EFC}.Release|Any CPU.Build.0 = Release|Any CPU
		{98ED2481-F889-4432-8E50-0AE03A2BD321}.Debug|Any CPU.ActiveCfg = Debug|Any CPU
		{98ED2481-F889-4432-8E50-0AE03A2BD321}.Debug|Any CPU.Build.0 = Debug|Any CPU
		{98ED2481-F889-4432-8E50-0AE03A2BD321}.Release|Any CPU.ActiveCfg = Release|Any CPU
		{98ED2481-F889-4432-8E50-0AE03A2BD321}.Release|Any CPU.Build.0 = Release|Any CPU
		{CFD38AE1-E5E8-4572-9DAA-F986BD493A0E}.Debug|Any CPU.ActiveCfg = Debug|Any CPU
		{CFD38AE1-E5E8-4572-9DAA-F986BD493A0E}.Debug|Any CPU.Build.0 = Debug|Any CPU
		{CFD38AE1-E5E8-4572-9DAA-F986BD493A0E}.Release|Any CPU.ActiveCfg = Release|Any CPU
		{CFD38AE1-E5E8-4572-9DAA-F986BD493A0E}.Release|Any CPU.Build.0 = Release|Any CPU
		{155AB9EA-FA4A-499B-8053-B63F27F651E2}.Debug|Any CPU.ActiveCfg = Debug|Any CPU
		{155AB9EA-FA4A-499B-8053-B63F27F651E2}.Debug|Any CPU.Build.0 = Debug|Any CPU
		{155AB9EA-FA4A-499B-8053-B63F27F651E2}.Release|Any CPU.ActiveCfg = Release|Any CPU
		{155AB9EA-FA4A-499B-8053-B63F27F651E2}.Release|Any CPU.Build.0 = Release|Any CPU
		{978FEAE0-D340-435B-BF93-C9ADF425AFD7}.Debug|Any CPU.ActiveCfg = Debug|Any CPU
		{978FEAE0-D340-435B-BF93-C9ADF425AFD7}.Debug|Any CPU.Build.0 = Debug|Any CPU
		{978FEAE0-D340-435B-BF93-C9ADF425AFD7}.Release|Any CPU.ActiveCfg = Release|Any CPU
		{978FEAE0-D340-435B-BF93-C9ADF425AFD7}.Release|Any CPU.Build.0 = Release|Any CPU
	EndGlobalSection
	GlobalSection(SolutionProperties) = preSolution
		HideSolutionNode = FALSE
	EndGlobalSection
	GlobalSection(NestedProjects) = preSolution
		{6C8B48D2-9FB7-45DF-8B29-7E6BE3C13B51} = {D1EA169E-4143-46AA-BC99-B8A882DC3AD6}
		{48313019-67E7-4958-B07B-CFDB9639C963} = {B27F4C7E-95E3-4329-B4BB-DB1C4D9382F2}
		{B5563BBA-5DD3-4B52-9BF1-2B8A939FC847} = {B27F4C7E-95E3-4329-B4BB-DB1C4D9382F2}
		{B893248D-FDA1-4013-A824-018FFDA1787A} = {F4B80768-9B8F-4AD2-BC2C-C00A274E9950}
		{F4EB34EA-4EC6-4D70-9690-B0FDDBF68E6B} = {F4B80768-9B8F-4AD2-BC2C-C00A274E9950}
		{A7045824-0717-44A1-B3A2-6F6D98E7C83D} = {F4B80768-9B8F-4AD2-BC2C-C00A274E9950}
		{D6DE7051-220F-40C9-A0CD-70E5F5069EFC} = {F4B80768-9B8F-4AD2-BC2C-C00A274E9950}
		{98ED2481-F889-4432-8E50-0AE03A2BD321} = {B27F4C7E-95E3-4329-B4BB-DB1C4D9382F2}
		{CFD38AE1-E5E8-4572-9DAA-F986BD493A0E} = {B27F4C7E-95E3-4329-B4BB-DB1C4D9382F2}
		{155AB9EA-FA4A-499B-8053-B63F27F651E2} = {60405477-AE33-4660-9818-7922AC4D1066}
		{978FEAE0-D340-435B-BF93-C9ADF425AFD7} = {60405477-AE33-4660-9818-7922AC4D1066}
	EndGlobalSection
	GlobalSection(ExtensibilityGlobals) = postSolution
		SolutionGuid = {EEF8BC6B-B3F8-4900-B9AC-4794612FD4CD}
	EndGlobalSection
EndGlobal
